
Microsoft Visual Studio Solution File, Format Version 12.00
# Visual Studio 15
VisualStudioVersion = 15.0.28010.2036
MinimumVisualStudioVersion = 10.0.40219.1
Project("{FAE04EC0-301F-11D3-BF4B-00C04F79EFBC}") = "paganfacts.io", "paganfacts.io\paganfacts.io.csproj", "{92A9DCDA-808D-45D3-87F1-42EDB2CC2C48}"
EndProject
Global
	GlobalSection(SolutionConfigurationPlatforms) = preSolution
		Debug|Any CPU = Debug|Any CPU
		Release|Any CPU = Release|Any CPU
	EndGlobalSection
	GlobalSection(ProjectConfigurationPlatforms) = postSolution
		{92A9DCDA-808D-45D3-87F1-42EDB2CC2C48}.Debug|Any CPU.ActiveCfg = Debug|Any CPU
		{92A9DCDA-808D-45D3-87F1-42EDB2CC2C48}.Debug|Any CPU.Build.0 = Debug|Any CPU
		{92A9DCDA-808D-45D3-87F1-42EDB2CC2C48}.Release|Any CPU.ActiveCfg = Release|Any CPU
		{92A9DCDA-808D-45D3-87F1-42EDB2CC2C48}.Release|Any CPU.Build.0 = Release|Any CPU
	EndGlobalSection
	GlobalSection(SolutionProperties) = preSolution
		HideSolutionNode = FALSE
	EndGlobalSection
	GlobalSection(ExtensibilityGlobals) = postSolution
		SolutionGuid = {8AF02AE8-ADEE-43B0-8B04-B0765E019739}
	EndGlobalSection
EndGlobal
